
Microsoft Visual Studio Solution File, Format Version 12.00
Project("{2150E333-8FDC-42A3-9474-1A3956D46DE8}") = "3.Sqs", "3.Sqs", "{517943B6-01F1-4D8E-844B-071AD8723965}"
EndProject
Project("{2150E333-8FDC-42A3-9474-1A3956D46DE8}") = "4.Sns", "4.Sns", "{3D7E0138-BB49-4D31-8538-38BAFF85B102}"
EndProject
Project("{2150E333-8FDC-42A3-9474-1A3956D46DE8}") = "5.DynamoDb", "5.DynamoDb", "{1733C5E9-0B0D-445A-B085-FA823DD0F552}"
EndProject
Project("{2150E333-8FDC-42A3-9474-1A3956D46DE8}") = "6.S3", "6.S3", "{EAEC065B-869D-4DA2-977E-5B9ADF05683B}"
EndProject
Project("{2150E333-8FDC-42A3-9474-1A3956D46DE8}") = "7.SecretsManager", "7.SecretsManager", "{1E7ED8F0-AB13-41D5-A038-1A5C33EE85F8}"
EndProject
Project("{2150E333-8FDC-42A3-9474-1A3956D46DE8}") = "8.Lambda", "8.Lambda", "{78FCE088-5E1C-48EB-93C3-6DF16E6F1E8D}"
EndProject
Project("{FAE04EC0-301F-11D3-BF4B-00C04F79EFBC}") = "SqsConsumer", "3.Sqs\SqsConsumer\SqsConsumer.csproj", "{AAB3E789-CF58-43B7-B39C-B0DD94849D1E}"
EndProject
Project("{FAE04EC0-301F-11D3-BF4B-00C04F79EFBC}") = "SqsPublisher", "3.Sqs\SqsPublisher\SqsPublisher.csproj", "{80676B5C-89EC-4888-AC29-C9661675AE4E}"
EndProject
Project("{FAE04EC0-301F-11D3-BF4B-00C04F79EFBC}") = "Customers.Api", "3.Sqs\Customers.Api\Customers.Api.csproj", "{0F7EB9F4-2FDD-4D7B-93CE-041F9CED251F}"
EndProject
Project("{FAE04EC0-301F-11D3-BF4B-00C04F79EFBC}") = "Customers.Consumer", "3.Sqs\Customers.Consumer\Customers.Consumer.csproj", "{7603B30C-EABB-452F-A3B7-844A66A19405}"
EndProject
Global
	GlobalSection(SolutionConfigurationPlatforms) = preSolution
		Debug|Any CPU = Debug|Any CPU
		Release|Any CPU = Release|Any CPU
	EndGlobalSection
	GlobalSection(NestedProjects) = preSolution
		{AAB3E789-CF58-43B7-B39C-B0DD94849D1E} = {517943B6-01F1-4D8E-844B-071AD8723965}
		{80676B5C-89EC-4888-AC29-C9661675AE4E} = {517943B6-01F1-4D8E-844B-071AD8723965}
		{0F7EB9F4-2FDD-4D7B-93CE-041F9CED251F} = {517943B6-01F1-4D8E-844B-071AD8723965}
		{7603B30C-EABB-452F-A3B7-844A66A19405} = {517943B6-01F1-4D8E-844B-071AD8723965}
	EndGlobalSection
	GlobalSection(ProjectConfigurationPlatforms) = postSolution
		{AAB3E789-CF58-43B7-B39C-B0DD94849D1E}.Debug|Any CPU.ActiveCfg = Debug|Any CPU
		{AAB3E789-CF58-43B7-B39C-B0DD94849D1E}.Debug|Any CPU.Build.0 = Debug|Any CPU
		{AAB3E789-CF58-43B7-B39C-B0DD94849D1E}.Release|Any CPU.ActiveCfg = Release|Any CPU
		{AAB3E789-CF58-43B7-B39C-B0DD94849D1E}.Release|Any CPU.Build.0 = Release|Any CPU
		{80676B5C-89EC-4888-AC29-C9661675AE4E}.Debug|Any CPU.ActiveCfg = Debug|Any CPU
		{80676B5C-89EC-4888-AC29-C9661675AE4E}.Debug|Any CPU.Build.0 = Debug|Any CPU
		{80676B5C-89EC-4888-AC29-C9661675AE4E}.Release|Any CPU.ActiveCfg = Release|Any CPU
		{80676B5C-89EC-4888-AC29-C9661675AE4E}.Release|Any CPU.Build.0 = Release|Any CPU
		{0F7EB9F4-2FDD-4D7B-93CE-041F9CED251F}.Debug|Any CPU.ActiveCfg = Debug|Any CPU
		{0F7EB9F4-2FDD-4D7B-93CE-041F9CED251F}.Debug|Any CPU.Build.0 = Debug|Any CPU
		{0F7EB9F4-2FDD-4D7B-93CE-041F9CED251F}.Release|Any CPU.ActiveCfg = Release|Any CPU
		{0F7EB9F4-2FDD-4D7B-93CE-041F9CED251F}.Release|Any CPU.Build.0 = Release|Any CPU
		{7603B30C-EABB-452F-A3B7-844A66A19405}.Debug|Any CPU.ActiveCfg = Debug|Any CPU
		{7603B30C-EABB-452F-A3B7-844A66A19405}.Debug|Any CPU.Build.0 = Debug|Any CPU
		{7603B30C-EABB-452F-A3B7-844A66A19405}.Release|Any CPU.ActiveCfg = Release|Any CPU
		{7603B30C-EABB-452F-A3B7-844A66A19405}.Release|Any CPU.Build.0 = Release|Any CPU
	EndGlobalSection
EndGlobal
